
Microsoft Visual Studio Solution File, Format Version 12.00
# Visual Studio 2013
VisualStudioVersion = 12.0.31101.0
MinimumVisualStudioVersion = 10.0.40219.1
Project("{F2A71F9B-5D33-465A-A702-920D77279786}") = "BankOCRKataFSharp.Core", "BankOCRKataFSharp.Core\BankOCRKataFSharp.Core.fsproj", "{F8BC6F2A-C241-44A0-AA89-3546B4439BC0}"
EndProject
Project("{F2A71F9B-5D33-465A-A702-920D77279786}") = "BankOCRKataFSharp.Tests", "BankOCRKataFSharp.Tests\BankOCRKataFSharp.Tests.fsproj", "{C872B2F5-BEC5-4474-B10F-CDA7690FE6AB}"
EndProject
Project("{2150E333-8FDC-42A3-9474-1A3956D46DE8}") = ".nuget", ".nuget", "{A4EA3BC9-1AB2-4533-9ADD-636312E66F43}"
	ProjectSection(SolutionItems) = preProject
		.nuget\packages.config = .nuget\packages.config
	EndProjectSection
EndProject
Global
	GlobalSection(SolutionConfigurationPlatforms) = preSolution
		Debug|Any CPU = Debug|Any CPU
		Release|Any CPU = Release|Any CPU
	EndGlobalSection
	GlobalSection(ProjectConfigurationPlatforms) = postSolution
		{F8BC6F2A-C241-44A0-AA89-3546B4439BC0}.Debug|Any CPU.ActiveCfg = Debug|Any CPU
		{F8BC6F2A-C241-44A0-AA89-3546B4439BC0}.Debug|Any CPU.Build.0 = Debug|Any CPU
		{F8BC6F2A-C241-44A0-AA89-3546B4439BC0}.Release|Any CPU.ActiveCfg = Release|Any CPU
		{F8BC6F2A-C241-44A0-AA89-3546B4439BC0}.Release|Any CPU.Build.0 = Release|Any CPU
		{C872B2F5-BEC5-4474-B10F-CDA7690FE6AB}.Debug|Any CPU.ActiveCfg = Debug|Any CPU
		{C872B2F5-BEC5-4474-B10F-CDA7690FE6AB}.Debug|Any CPU.Build.0 = Debug|Any CPU
		{C872B2F5-BEC5-4474-B10F-CDA7690FE6AB}.Release|Any CPU.ActiveCfg = Release|Any CPU
		{C872B2F5-BEC5-4474-B10F-CDA7690FE6AB}.Release|Any CPU.Build.0 = Release|Any CPU
	EndGlobalSection
	GlobalSection(SolutionProperties) = preSolution
		HideSolutionNode = FALSE
	EndGlobalSection
EndGlobal
